
Microsoft Visual Studio Solution File, Format Version 11.00
# Visual C++ Express 2010
Project("{8BC9CEB8-8B4A-11D0-8D11-00A0C91BC942}") = "Miracle-Grue", "Miracle-Grue\Miracle-Grue.vcxproj", "{26E918A6-B54D-4801-8F92-5316B3E5BB74}"
EndProject
Project("{8BC9CEB8-8B4A-11D0-8D11-00A0C91BC942}") = "mglib", "mglib\mglib.vcxproj", "{FD00A04C-B884-4FDB-8171-F66F9F762B9A}"
	ProjectSection(ProjectDependencies) = postProject
		{59A29E1C-3C4F-4E0A-AE15-E4F5091ED49D} = {59A29E1C-3C4F-4E0A-AE15-E4F5091ED49D}
	EndProjectSection
EndProject
Project("{8BC9CEB8-8B4A-11D0-8D11-00A0C91BC942}") = "jsoncpplib", "jsoncpplib\jsoncpplib.vcxproj", "{59A29E1C-3C4F-4E0A-AE15-E4F5091ED49D}"
EndProject
Project("{8BC9CEB8-8B4A-11D0-8D11-00A0C91BC942}") = "gcoderUnitTest", "gcoderUnitTest\gcoderUnitTest.vcxproj", "{24C6B96F-1A25-4001-9CC9-CE6F59708EAF}"
	ProjectSection(ProjectDependencies) = postProject
		{59A29E1C-3C4F-4E0A-AE15-E4F5091ED49D} = {59A29E1C-3C4F-4E0A-AE15-E4F5091ED49D}
		{FD00A04C-B884-4FDB-8171-F66F9F762B9A} = {FD00A04C-B884-4FDB-8171-F66F9F762B9A}
	EndProjectSection
EndProject
Project("{8BC9CEB8-8B4A-11D0-8D11-00A0C91BC942}") = "slicerUnitTest", "slicerTestCase\slicerTestCase.vcxproj", "{C2CA7573-9724-4374-AEF8-3FE4B405D053}"
	ProjectSection(ProjectDependencies) = postProject
		{59A29E1C-3C4F-4E0A-AE15-E4F5091ED49D} = {59A29E1C-3C4F-4E0A-AE15-E4F5091ED49D}
		{FD00A04C-B884-4FDB-8171-F66F9F762B9A} = {FD00A04C-B884-4FDB-8171-F66F9F762B9A}
	EndProjectSection
EndProject
Project("{8BC9CEB8-8B4A-11D0-8D11-00A0C91BC942}") = "queryInterfaceUnitTest", "queryInterfaceUnitTest\queryInterfaceUnitTest.vcxproj", "{3D470F2E-F65F-4994-94D7-68F10963750E}"
EndProject
Project("{8BC9CEB8-8B4A-11D0-8D11-00A0C91BC942}") = "modelReaderUnitTest", "modelReaderUnitTest\modelReaderUnitTest.vcxproj", "{744DA1CF-640A-4367-AB8A-C1E635602BA5}"
	ProjectSection(ProjectDependencies) = postProject
		{59A29E1C-3C4F-4E0A-AE15-E4F5091ED49D} = {59A29E1C-3C4F-4E0A-AE15-E4F5091ED49D}
		{FD00A04C-B884-4FDB-8171-F66F9F762B9A} = {FD00A04C-B884-4FDB-8171-F66F9F762B9A}
	EndProjectSection
EndProject
Project("{8BC9CEB8-8B4A-11D0-8D11-00A0C91BC942}") = "regionerUnitTest", "regionerUnitTest\regionerUnitTest.vcxproj", "{B28E123B-9519-40CC-8EFF-1C0C7E51E7D7}"
EndProject
Project("{8BC9CEB8-8B4A-11D0-8D11-00A0C91BC942}") = "slicerCupUnitTest", "slicerCupUnitTest\slicerCupUnitTest.vcxproj", "{D97E0B12-83FF-4C35-8997-0D13B79ED56C}"
	ProjectSection(ProjectDependencies) = postProject
		{59A29E1C-3C4F-4E0A-AE15-E4F5091ED49D} = {59A29E1C-3C4F-4E0A-AE15-E4F5091ED49D}
		{FD00A04C-B884-4FDB-8171-F66F9F762B9A} = {FD00A04C-B884-4FDB-8171-F66F9F762B9A}
	EndProjectSection
EndProject
Global
	GlobalSection(SolutionConfigurationPlatforms) = preSolution
		Debug|Win32 = Debug|Win32
		Release|Win32 = Release|Win32
	EndGlobalSection
	GlobalSection(ProjectConfigurationPlatforms) = postSolution
		{26E918A6-B54D-4801-8F92-5316B3E5BB74}.Debug|Win32.ActiveCfg = Debug|Win32
		{26E918A6-B54D-4801-8F92-5316B3E5BB74}.Debug|Win32.Build.0 = Debug|Win32
		{26E918A6-B54D-4801-8F92-5316B3E5BB74}.Release|Win32.ActiveCfg = Release|Win32
		{26E918A6-B54D-4801-8F92-5316B3E5BB74}.Release|Win32.Build.0 = Release|Win32
		{FD00A04C-B884-4FDB-8171-F66F9F762B9A}.Debug|Win32.ActiveCfg = Debug|Win32
		{FD00A04C-B884-4FDB-8171-F66F9F762B9A}.Debug|Win32.Build.0 = Debug|Win32
		{FD00A04C-B884-4FDB-8171-F66F9F762B9A}.Release|Win32.ActiveCfg = Release|Win32
		{FD00A04C-B884-4FDB-8171-F66F9F762B9A}.Release|Win32.Build.0 = Release|Win32
		{59A29E1C-3C4F-4E0A-AE15-E4F5091ED49D}.Debug|Win32.ActiveCfg = Debug|Win32
		{59A29E1C-3C4F-4E0A-AE15-E4F5091ED49D}.Debug|Win32.Build.0 = Debug|Win32
		{59A29E1C-3C4F-4E0A-AE15-E4F5091ED49D}.Release|Win32.ActiveCfg = Release|Win32
		{59A29E1C-3C4F-4E0A-AE15-E4F5091ED49D}.Release|Win32.Build.0 = Release|Win32
		{24C6B96F-1A25-4001-9CC9-CE6F59708EAF}.Debug|Win32.ActiveCfg = Debug|Win32
		{24C6B96F-1A25-4001-9CC9-CE6F59708EAF}.Debug|Win32.Build.0 = Debug|Win32
		{24C6B96F-1A25-4001-9CC9-CE6F59708EAF}.Release|Win32.ActiveCfg = Release|Win32
		{24C6B96F-1A25-4001-9CC9-CE6F59708EAF}.Release|Win32.Build.0 = Release|Win32
		{C2CA7573-9724-4374-AEF8-3FE4B405D053}.Debug|Win32.ActiveCfg = Debug|Win32
		{C2CA7573-9724-4374-AEF8-3FE4B405D053}.Debug|Win32.Build.0 = Debug|Win32
		{C2CA7573-9724-4374-AEF8-3FE4B405D053}.Release|Win32.ActiveCfg = Release|Win32
		{C2CA7573-9724-4374-AEF8-3FE4B405D053}.Release|Win32.Build.0 = Release|Win32
		{3D470F2E-F65F-4994-94D7-68F10963750E}.Debug|Win32.ActiveCfg = Debug|Win32
		{3D470F2E-F65F-4994-94D7-68F10963750E}.Debug|Win32.Build.0 = Debug|Win32
		{3D470F2E-F65F-4994-94D7-68F10963750E}.Release|Win32.ActiveCfg = Release|Win32
		{3D470F2E-F65F-4994-94D7-68F10963750E}.Release|Win32.Build.0 = Release|Win32
		{744DA1CF-640A-4367-AB8A-C1E635602BA5}.Debug|Win32.ActiveCfg = Debug|Win32
		{744DA1CF-640A-4367-AB8A-C1E635602BA5}.Debug|Win32.Build.0 = Debug|Win32
		{744DA1CF-640A-4367-AB8A-C1E635602BA5}.Release|Win32.ActiveCfg = Release|Win32
		{744DA1CF-640A-4367-AB8A-C1E635602BA5}.Release|Win32.Build.0 = Release|Win32
		{B28E123B-9519-40CC-8EFF-1C0C7E51E7D7}.Debug|Win32.ActiveCfg = Debug|Win32
		{B28E123B-9519-40CC-8EFF-1C0C7E51E7D7}.Debug|Win32.Build.0 = Debug|Win32
		{B28E123B-9519-40CC-8EFF-1C0C7E51E7D7}.Release|Win32.ActiveCfg = Release|Win32
		{B28E123B-9519-40CC-8EFF-1C0C7E51E7D7}.Release|Win32.Build.0 = Release|Win32
		{D97E0B12-83FF-4C35-8997-0D13B79ED56C}.Debug|Win32.ActiveCfg = Debug|Win32
		{D97E0B12-83FF-4C35-8997-0D13B79ED56C}.Debug|Win32.Build.0 = Debug|Win32
		{D97E0B12-83FF-4C35-8997-0D13B79ED56C}.Release|Win32.ActiveCfg = Release|Win32
		{D97E0B12-83FF-4C35-8997-0D13B79ED56C}.Release|Win32.Build.0 = Release|Win32
	EndGlobalSection
	GlobalSection(SolutionProperties) = preSolution
		HideSolutionNode = FALSE
	EndGlobalSection
EndGlobal
